
Microsoft Visual Studio Solution File, Format Version 12.00
# Visual Studio Version 17
VisualStudioVersion = 17.10.34916.146
MinimumVisualStudioVersion = 10.0.40219.1
Project("{8BC9CEB8-8B4A-11D0-8D11-00A0C91BC942}") = "5.30", "5.30.vcxproj", "{DCA6EA3A-937E-44C5-9BDC-7E111B9F531F}"
EndProject
Global
	GlobalSection(SolutionConfigurationPlatforms) = preSolution
		Debug|x64 = Debug|x64
		Debug|x86 = Debug|x86
		Release|x64 = Release|x64
		Release|x86 = Release|x86
	EndGlobalSection
	GlobalSection(ProjectConfigurationPlatforms) = postSolution
		{DCA6EA3A-937E-44C5-9BDC-7E111B9F531F}.Debug|x64.ActiveCfg = Debug|x64
		{DCA6EA3A-937E-44C5-9BDC-7E111B9F531F}.Debug|x64.Build.0 = Debug|x64
		{DCA6EA3A-937E-44C5-9BDC-7E111B9F531F}.Debug|x86.ActiveCfg = Debug|Win32
		{DCA6EA3A-937E-44C5-9BDC-7E111B9F531F}.Debug|x86.Build.0 = Debug|Win32
		{DCA6EA3A-937E-44C5-9BDC-7E111B9F531F}.Release|x64.ActiveCfg = Release|x64
		{DCA6EA3A-937E-44C5-9BDC-7E111B9F531F}.Release|x64.Build.0 = Release|x64
		{DCA6EA3A-937E-44C5-9BDC-7E111B9F531F}.Release|x86.ActiveCfg = Release|Win32
		{DCA6EA3A-937E-44C5-9BDC-7E111B9F531F}.Release|x86.Build.0 = Release|Win32
	EndGlobalSection
	GlobalSection(SolutionProperties) = preSolution
		HideSolutionNode = FALSE
	EndGlobalSection
	GlobalSection(ExtensibilityGlobals) = postSolution
		SolutionGuid = {BB930232-FD63-4B20-AF40-7D7D9C677BB2}
	EndGlobalSection
EndGlobal
