
Microsoft Visual Studio Solution File, Format Version 12.00
# Visual Studio Version 17
VisualStudioVersion = 17.11.35327.3
MinimumVisualStudioVersion = 10.0.40219.1
Project("{8BC9CEB8-8B4A-11D0-8D11-00A0C91BC942}") = "10.26", "10.26.vcxproj", "{7C75EA5C-CA04-4D76-9720-613CC6E25C88}"
EndProject
Global
	GlobalSection(SolutionConfigurationPlatforms) = preSolution
		Debug|x64 = Debug|x64
		Debug|x86 = Debug|x86
		Release|x64 = Release|x64
		Release|x86 = Release|x86
	EndGlobalSection
	GlobalSection(ProjectConfigurationPlatforms) = postSolution
		{7C75EA5C-CA04-4D76-9720-613CC6E25C88}.Debug|x64.ActiveCfg = Debug|x64
		{7C75EA5C-CA04-4D76-9720-613CC6E25C88}.Debug|x64.Build.0 = Debug|x64
		{7C75EA5C-CA04-4D76-9720-613CC6E25C88}.Debug|x86.ActiveCfg = Debug|Win32
		{7C75EA5C-CA04-4D76-9720-613CC6E25C88}.Debug|x86.Build.0 = Debug|Win32
		{7C75EA5C-CA04-4D76-9720-613CC6E25C88}.Release|x64.ActiveCfg = Release|x64
		{7C75EA5C-CA04-4D76-9720-613CC6E25C88}.Release|x64.Build.0 = Release|x64
		{7C75EA5C-CA04-4D76-9720-613CC6E25C88}.Release|x86.ActiveCfg = Release|Win32
		{7C75EA5C-CA04-4D76-9720-613CC6E25C88}.Release|x86.Build.0 = Release|Win32
	EndGlobalSection
	GlobalSection(SolutionProperties) = preSolution
		HideSolutionNode = FALSE
	EndGlobalSection
	GlobalSection(ExtensibilityGlobals) = postSolution
		SolutionGuid = {48EC9E8B-E6AF-4767-A13B-580F88AC790B}
	EndGlobalSection
EndGlobal
