
Microsoft Visual Studio Solution File, Format Version 12.00
# Visual Studio Version 17
VisualStudioVersion = 17.11.35327.3
MinimumVisualStudioVersion = 10.0.40219.1
Project("{8BC9CEB8-8B4A-11D0-8D11-00A0C91BC942}") = "10.16", "10.16.vcxproj", "{3CE61D56-BAFE-49ED-A06C-44FD99A4E759}"
EndProject
Global
	GlobalSection(SolutionConfigurationPlatforms) = preSolution
		Debug|x64 = Debug|x64
		Debug|x86 = Debug|x86
		Release|x64 = Release|x64
		Release|x86 = Release|x86
	EndGlobalSection
	GlobalSection(ProjectConfigurationPlatforms) = postSolution
		{3CE61D56-BAFE-49ED-A06C-44FD99A4E759}.Debug|x64.ActiveCfg = Debug|x64
		{3CE61D56-BAFE-49ED-A06C-44FD99A4E759}.Debug|x64.Build.0 = Debug|x64
		{3CE61D56-BAFE-49ED-A06C-44FD99A4E759}.Debug|x86.ActiveCfg = Debug|Win32
		{3CE61D56-BAFE-49ED-A06C-44FD99A4E759}.Debug|x86.Build.0 = Debug|Win32
		{3CE61D56-BAFE-49ED-A06C-44FD99A4E759}.Release|x64.ActiveCfg = Release|x64
		{3CE61D56-BAFE-49ED-A06C-44FD99A4E759}.Release|x64.Build.0 = Release|x64
		{3CE61D56-BAFE-49ED-A06C-44FD99A4E759}.Release|x86.ActiveCfg = Release|Win32
		{3CE61D56-BAFE-49ED-A06C-44FD99A4E759}.Release|x86.Build.0 = Release|Win32
	EndGlobalSection
	GlobalSection(SolutionProperties) = preSolution
		HideSolutionNode = FALSE
	EndGlobalSection
	GlobalSection(ExtensibilityGlobals) = postSolution
		SolutionGuid = {7C96C8BF-3D64-4A37-BDA1-EEED2200D268}
	EndGlobalSection
EndGlobal
