
Microsoft Visual Studio Solution File, Format Version 12.00
# Visual Studio Version 17
VisualStudioVersion = 17.9.34723.18
MinimumVisualStudioVersion = 10.0.40219.1
Project("{8BC9CEB8-8B4A-11D0-8D11-00A0C91BC942}") = "4.4", "4.4.vcxproj", "{4F7B0FCE-616F-4DBB-A2AD-3F581D2FC9B2}"
EndProject
Global
	GlobalSection(SolutionConfigurationPlatforms) = preSolution
		Debug|x64 = Debug|x64
		Debug|x86 = Debug|x86
		Release|x64 = Release|x64
		Release|x86 = Release|x86
	EndGlobalSection
	GlobalSection(ProjectConfigurationPlatforms) = postSolution
		{4F7B0FCE-616F-4DBB-A2AD-3F581D2FC9B2}.Debug|x64.ActiveCfg = Debug|x64
		{4F7B0FCE-616F-4DBB-A2AD-3F581D2FC9B2}.Debug|x64.Build.0 = Debug|x64
		{4F7B0FCE-616F-4DBB-A2AD-3F581D2FC9B2}.Debug|x86.ActiveCfg = Debug|Win32
		{4F7B0FCE-616F-4DBB-A2AD-3F581D2FC9B2}.Debug|x86.Build.0 = Debug|Win32
		{4F7B0FCE-616F-4DBB-A2AD-3F581D2FC9B2}.Release|x64.ActiveCfg = Release|x64
		{4F7B0FCE-616F-4DBB-A2AD-3F581D2FC9B2}.Release|x64.Build.0 = Release|x64
		{4F7B0FCE-616F-4DBB-A2AD-3F581D2FC9B2}.Release|x86.ActiveCfg = Release|Win32
		{4F7B0FCE-616F-4DBB-A2AD-3F581D2FC9B2}.Release|x86.Build.0 = Release|Win32
	EndGlobalSection
	GlobalSection(SolutionProperties) = preSolution
		HideSolutionNode = FALSE
	EndGlobalSection
	GlobalSection(ExtensibilityGlobals) = postSolution
		SolutionGuid = {BEFC46F7-E09B-4C69-91C1-DBC10F7457F2}
	EndGlobalSection
EndGlobal
