
Microsoft Visual Studio Solution File, Format Version 12.00
# Visual Studio Version 17
VisualStudioVersion = 17.11.35222.181
MinimumVisualStudioVersion = 10.0.40219.1
Project("{8BC9CEB8-8B4A-11D0-8D11-00A0C91BC942}") = "9.10", "9.10.vcxproj", "{ED8BD894-82D2-4F58-BAB4-C658DB45096A}"
EndProject
Global
	GlobalSection(SolutionConfigurationPlatforms) = preSolution
		Debug|x64 = Debug|x64
		Debug|x86 = Debug|x86
		Release|x64 = Release|x64
		Release|x86 = Release|x86
	EndGlobalSection
	GlobalSection(ProjectConfigurationPlatforms) = postSolution
		{ED8BD894-82D2-4F58-BAB4-C658DB45096A}.Debug|x64.ActiveCfg = Debug|x64
		{ED8BD894-82D2-4F58-BAB4-C658DB45096A}.Debug|x64.Build.0 = Debug|x64
		{ED8BD894-82D2-4F58-BAB4-C658DB45096A}.Debug|x86.ActiveCfg = Debug|Win32
		{ED8BD894-82D2-4F58-BAB4-C658DB45096A}.Debug|x86.Build.0 = Debug|Win32
		{ED8BD894-82D2-4F58-BAB4-C658DB45096A}.Release|x64.ActiveCfg = Release|x64
		{ED8BD894-82D2-4F58-BAB4-C658DB45096A}.Release|x64.Build.0 = Release|x64
		{ED8BD894-82D2-4F58-BAB4-C658DB45096A}.Release|x86.ActiveCfg = Release|Win32
		{ED8BD894-82D2-4F58-BAB4-C658DB45096A}.Release|x86.Build.0 = Release|Win32
	EndGlobalSection
	GlobalSection(SolutionProperties) = preSolution
		HideSolutionNode = FALSE
	EndGlobalSection
	GlobalSection(ExtensibilityGlobals) = postSolution
		SolutionGuid = {B6399EF2-2FEA-4ED9-815D-F0BC6D06D7C2}
	EndGlobalSection
EndGlobal
