
Microsoft Visual Studio Solution File, Format Version 12.00
# Visual Studio Version 17
VisualStudioVersion = 17.9.34902.65
MinimumVisualStudioVersion = 10.0.40219.1
Project("{8BC9CEB8-8B4A-11D0-8D11-00A0C91BC942}") = "5.21", "5.21.vcxproj", "{E7B19728-E3B2-4B5B-A80E-6088F19C8D0B}"
EndProject
Global
	GlobalSection(SolutionConfigurationPlatforms) = preSolution
		Debug|x64 = Debug|x64
		Debug|x86 = Debug|x86
		Release|x64 = Release|x64
		Release|x86 = Release|x86
	EndGlobalSection
	GlobalSection(ProjectConfigurationPlatforms) = postSolution
		{E7B19728-E3B2-4B5B-A80E-6088F19C8D0B}.Debug|x64.ActiveCfg = Debug|x64
		{E7B19728-E3B2-4B5B-A80E-6088F19C8D0B}.Debug|x64.Build.0 = Debug|x64
		{E7B19728-E3B2-4B5B-A80E-6088F19C8D0B}.Debug|x86.ActiveCfg = Debug|Win32
		{E7B19728-E3B2-4B5B-A80E-6088F19C8D0B}.Debug|x86.Build.0 = Debug|Win32
		{E7B19728-E3B2-4B5B-A80E-6088F19C8D0B}.Release|x64.ActiveCfg = Release|x64
		{E7B19728-E3B2-4B5B-A80E-6088F19C8D0B}.Release|x64.Build.0 = Release|x64
		{E7B19728-E3B2-4B5B-A80E-6088F19C8D0B}.Release|x86.ActiveCfg = Release|Win32
		{E7B19728-E3B2-4B5B-A80E-6088F19C8D0B}.Release|x86.Build.0 = Release|Win32
	EndGlobalSection
	GlobalSection(SolutionProperties) = preSolution
		HideSolutionNode = FALSE
	EndGlobalSection
	GlobalSection(ExtensibilityGlobals) = postSolution
		SolutionGuid = {7A61E8A1-85DE-4067-98CB-679E838B90B6}
	EndGlobalSection
EndGlobal
