
Microsoft Visual Studio Solution File, Format Version 12.00
# Visual Studio Version 17
VisualStudioVersion = 17.11.35327.3
MinimumVisualStudioVersion = 10.0.40219.1
Project("{8BC9CEB8-8B4A-11D0-8D11-00A0C91BC942}") = "11.10", "11.10.vcxproj", "{31097E6C-B1C2-4268-8DD7-B8343413D643}"
EndProject
Global
	GlobalSection(SolutionConfigurationPlatforms) = preSolution
		Debug|x64 = Debug|x64
		Debug|x86 = Debug|x86
		Release|x64 = Release|x64
		Release|x86 = Release|x86
	EndGlobalSection
	GlobalSection(ProjectConfigurationPlatforms) = postSolution
		{31097E6C-B1C2-4268-8DD7-B8343413D643}.Debug|x64.ActiveCfg = Debug|x64
		{31097E6C-B1C2-4268-8DD7-B8343413D643}.Debug|x64.Build.0 = Debug|x64
		{31097E6C-B1C2-4268-8DD7-B8343413D643}.Debug|x86.ActiveCfg = Debug|Win32
		{31097E6C-B1C2-4268-8DD7-B8343413D643}.Debug|x86.Build.0 = Debug|Win32
		{31097E6C-B1C2-4268-8DD7-B8343413D643}.Release|x64.ActiveCfg = Release|x64
		{31097E6C-B1C2-4268-8DD7-B8343413D643}.Release|x64.Build.0 = Release|x64
		{31097E6C-B1C2-4268-8DD7-B8343413D643}.Release|x86.ActiveCfg = Release|Win32
		{31097E6C-B1C2-4268-8DD7-B8343413D643}.Release|x86.Build.0 = Release|Win32
	EndGlobalSection
	GlobalSection(SolutionProperties) = preSolution
		HideSolutionNode = FALSE
	EndGlobalSection
	GlobalSection(ExtensibilityGlobals) = postSolution
		SolutionGuid = {F62BE42B-92CD-4362-9CBC-27B9C838F55F}
	EndGlobalSection
EndGlobal
