
Microsoft Visual Studio Solution File, Format Version 12.00
# Visual Studio Version 17
VisualStudioVersion = 17.10.35027.167
MinimumVisualStudioVersion = 10.0.40219.1
Project("{8BC9CEB8-8B4A-11D0-8D11-00A0C91BC942}") = "7.25", "7.25.vcxproj", "{50124AE2-46DB-4488-B92B-81CE62C92452}"
EndProject
Global
	GlobalSection(SolutionConfigurationPlatforms) = preSolution
		Debug|x64 = Debug|x64
		Debug|x86 = Debug|x86
		Release|x64 = Release|x64
		Release|x86 = Release|x86
	EndGlobalSection
	GlobalSection(ProjectConfigurationPlatforms) = postSolution
		{50124AE2-46DB-4488-B92B-81CE62C92452}.Debug|x64.ActiveCfg = Debug|x64
		{50124AE2-46DB-4488-B92B-81CE62C92452}.Debug|x64.Build.0 = Debug|x64
		{50124AE2-46DB-4488-B92B-81CE62C92452}.Debug|x86.ActiveCfg = Debug|Win32
		{50124AE2-46DB-4488-B92B-81CE62C92452}.Debug|x86.Build.0 = Debug|Win32
		{50124AE2-46DB-4488-B92B-81CE62C92452}.Release|x64.ActiveCfg = Release|x64
		{50124AE2-46DB-4488-B92B-81CE62C92452}.Release|x64.Build.0 = Release|x64
		{50124AE2-46DB-4488-B92B-81CE62C92452}.Release|x86.ActiveCfg = Release|Win32
		{50124AE2-46DB-4488-B92B-81CE62C92452}.Release|x86.Build.0 = Release|Win32
	EndGlobalSection
	GlobalSection(SolutionProperties) = preSolution
		HideSolutionNode = FALSE
	EndGlobalSection
	GlobalSection(ExtensibilityGlobals) = postSolution
		SolutionGuid = {697A1B0F-BB63-4DC4-B58F-FE47DD0840A1}
	EndGlobalSection
EndGlobal
