
Microsoft Visual Studio Solution File, Format Version 12.00
# Visual Studio Version 17
VisualStudioVersion = 17.11.35327.3
MinimumVisualStudioVersion = 10.0.40219.1
Project("{8BC9CEB8-8B4A-11D0-8D11-00A0C91BC942}") = "11.6", "11.6.vcxproj", "{9A5894D6-E041-41DD-8CFB-F1CC0B18D4DC}"
EndProject
Global
	GlobalSection(SolutionConfigurationPlatforms) = preSolution
		Debug|x64 = Debug|x64
		Debug|x86 = Debug|x86
		Release|x64 = Release|x64
		Release|x86 = Release|x86
	EndGlobalSection
	GlobalSection(ProjectConfigurationPlatforms) = postSolution
		{9A5894D6-E041-41DD-8CFB-F1CC0B18D4DC}.Debug|x64.ActiveCfg = Debug|x64
		{9A5894D6-E041-41DD-8CFB-F1CC0B18D4DC}.Debug|x64.Build.0 = Debug|x64
		{9A5894D6-E041-41DD-8CFB-F1CC0B18D4DC}.Debug|x86.ActiveCfg = Debug|Win32
		{9A5894D6-E041-41DD-8CFB-F1CC0B18D4DC}.Debug|x86.Build.0 = Debug|Win32
		{9A5894D6-E041-41DD-8CFB-F1CC0B18D4DC}.Release|x64.ActiveCfg = Release|x64
		{9A5894D6-E041-41DD-8CFB-F1CC0B18D4DC}.Release|x64.Build.0 = Release|x64
		{9A5894D6-E041-41DD-8CFB-F1CC0B18D4DC}.Release|x86.ActiveCfg = Release|Win32
		{9A5894D6-E041-41DD-8CFB-F1CC0B18D4DC}.Release|x86.Build.0 = Release|Win32
	EndGlobalSection
	GlobalSection(SolutionProperties) = preSolution
		HideSolutionNode = FALSE
	EndGlobalSection
	GlobalSection(ExtensibilityGlobals) = postSolution
		SolutionGuid = {7C9AAA04-65CE-4598-A194-D710AD769331}
	EndGlobalSection
EndGlobal
