
Microsoft Visual Studio Solution File, Format Version 12.00
# Visual Studio Version 17
VisualStudioVersion = 17.11.35219.272
MinimumVisualStudioVersion = 10.0.40219.1
Project("{8BC9CEB8-8B4A-11D0-8D11-00A0C91BC942}") = "8.22", "8.22.vcxproj", "{E585660F-2413-4729-9CD3-FF1187F0471F}"
EndProject
Global
	GlobalSection(SolutionConfigurationPlatforms) = preSolution
		Debug|x64 = Debug|x64
		Debug|x86 = Debug|x86
		Release|x64 = Release|x64
		Release|x86 = Release|x86
	EndGlobalSection
	GlobalSection(ProjectConfigurationPlatforms) = postSolution
		{E585660F-2413-4729-9CD3-FF1187F0471F}.Debug|x64.ActiveCfg = Debug|x64
		{E585660F-2413-4729-9CD3-FF1187F0471F}.Debug|x64.Build.0 = Debug|x64
		{E585660F-2413-4729-9CD3-FF1187F0471F}.Debug|x86.ActiveCfg = Debug|Win32
		{E585660F-2413-4729-9CD3-FF1187F0471F}.Debug|x86.Build.0 = Debug|Win32
		{E585660F-2413-4729-9CD3-FF1187F0471F}.Release|x64.ActiveCfg = Release|x64
		{E585660F-2413-4729-9CD3-FF1187F0471F}.Release|x64.Build.0 = Release|x64
		{E585660F-2413-4729-9CD3-FF1187F0471F}.Release|x86.ActiveCfg = Release|Win32
		{E585660F-2413-4729-9CD3-FF1187F0471F}.Release|x86.Build.0 = Release|Win32
	EndGlobalSection
	GlobalSection(SolutionProperties) = preSolution
		HideSolutionNode = FALSE
	EndGlobalSection
	GlobalSection(ExtensibilityGlobals) = postSolution
		SolutionGuid = {37A0CADC-FCB3-46CE-A217-4A07A344D58F}
	EndGlobalSection
EndGlobal
