
Microsoft Visual Studio Solution File, Format Version 12.00
# Visual Studio Version 17
VisualStudioVersion = 17.11.35327.3
MinimumVisualStudioVersion = 10.0.40219.1
Project("{8BC9CEB8-8B4A-11D0-8D11-00A0C91BC942}") = "10.20", "10.20.vcxproj", "{1421788C-CDA8-4215-AB0C-1350BB1D5124}"
EndProject
Global
	GlobalSection(SolutionConfigurationPlatforms) = preSolution
		Debug|x64 = Debug|x64
		Debug|x86 = Debug|x86
		Release|x64 = Release|x64
		Release|x86 = Release|x86
	EndGlobalSection
	GlobalSection(ProjectConfigurationPlatforms) = postSolution
		{1421788C-CDA8-4215-AB0C-1350BB1D5124}.Debug|x64.ActiveCfg = Debug|x64
		{1421788C-CDA8-4215-AB0C-1350BB1D5124}.Debug|x64.Build.0 = Debug|x64
		{1421788C-CDA8-4215-AB0C-1350BB1D5124}.Debug|x86.ActiveCfg = Debug|Win32
		{1421788C-CDA8-4215-AB0C-1350BB1D5124}.Debug|x86.Build.0 = Debug|Win32
		{1421788C-CDA8-4215-AB0C-1350BB1D5124}.Release|x64.ActiveCfg = Release|x64
		{1421788C-CDA8-4215-AB0C-1350BB1D5124}.Release|x64.Build.0 = Release|x64
		{1421788C-CDA8-4215-AB0C-1350BB1D5124}.Release|x86.ActiveCfg = Release|Win32
		{1421788C-CDA8-4215-AB0C-1350BB1D5124}.Release|x86.Build.0 = Release|Win32
	EndGlobalSection
	GlobalSection(SolutionProperties) = preSolution
		HideSolutionNode = FALSE
	EndGlobalSection
	GlobalSection(ExtensibilityGlobals) = postSolution
		SolutionGuid = {109E82E1-3250-4940-9DB8-A9B5991DDDF3}
	EndGlobalSection
EndGlobal
